// !$*UTF8*$!
{
	archiveVersion = 1;
	classes = {
	};
	objectVersion = 56;
	objects = {

/* Begin PBXBuildFile section */
		AB553A682BF7B8CA0074697D /* AppDelegate.swift in Sources */ = {isa = PBXBuildFile; fileRef = AB553A672BF7B8CA0074697D /* AppDelegate.swift */; };
		AB553A6A2BF7B8CA0074697D /* SceneDelegate.swift in Sources */ = {isa = PBXBuildFile; fileRef = AB553A692BF7B8CA0074697D /* SceneDelegate.swift */; };
		AB553A6C2BF7B8CA0074697D /* HomeScreen.swift in Sources */ = {isa = PBXBuildFile; fileRef = AB553A6B2BF7B8CA0074697D /* HomeScreen.swift */; };
		AB553A712BF7B8CC0074697D /* Assets.xcassets in Resources */ = {isa = PBXBuildFile; fileRef = AB553A702BF7B8CC0074697D /* Assets.xcassets */; };
		AB553A742BF7B8CC0074697D /* Base in Resources */ = {isa = PBXBuildFile; fileRef = AB553A732BF7B8CC0074697D /* Base */; };
		AB553A812BF7BA670074697D /* NetworkManager.swift in Sources */ = {isa = PBXBuildFile; fileRef = AB553A802BF7BA670074697D /* NetworkManager.swift */; };
		AB6C5B9D2BF8D0A200D6A979 /* MovieServices.swift in Sources */ = {isa = PBXBuildFile; fileRef = AB6C5B9C2BF8D0A200D6A979 /* MovieServices.swift */; };
		AB6C5B9F2BF94FE300D6A979 /* APIURLS.swift in Sources */ = {isa = PBXBuildFile; fileRef = AB6C5B9E2BF94FE300D6A979 /* APIURLS.swift */; };
		AB6C5BA22BF9548A00D6A979 /* HomeViewModel.swift in Sources */ = {isa = PBXBuildFile; fileRef = AB6C5BA12BF9548A00D6A979 /* HomeViewModel.swift */; };
		AB8CCD872BFA582200D443C6 /* UIView+Ext.swift in Sources */ = {isa = PBXBuildFile; fileRef = AB8CCD862BFA582200D443C6 /* UIView+Ext.swift */; };
		AB8CCD8A2BFA5F4700D443C6 /* UIHelper.swift in Sources */ = {isa = PBXBuildFile; fileRef = AB8CCD892BFA5F4700D443C6 /* UIHelper.swift */; };
		AB8CCD8C2BFA614B00D443C6 /* CGFloat+Ext.swift in Sources */ = {isa = PBXBuildFile; fileRef = AB8CCD8B2BFA614B00D443C6 /* CGFloat+Ext.swift */; };
		AB8CCD8F2BFA644500D443C6 /* MovieCell.swift in Sources */ = {isa = PBXBuildFile; fileRef = AB8CCD8E2BFA644500D443C6 /* MovieCell.swift */; };
		ABFBDEB42BF822BE00EB0854 /* Movie.swift in Sources */ = {isa = PBXBuildFile; fileRef = ABFBDEB32BF822BE00EB0854 /* Movie.swift */; };
/* End PBXBuildFile section */

/* Begin PBXFileReference section */
		AB553A642BF7B8CA0074697D /* MovieApp-MVVM.app */ = {isa = PBXFileReference; explicitFileType = wrapper.application; includeInIndex = 0; path = "MovieApp-MVVM.app"; sourceTree = BUILT_PRODUCTS_DIR; };
		AB553A672BF7B8CA0074697D /* AppDelegate.swift */ = {isa = PBXFileReference; lastKnownFileType = sourcecode.swift; path = AppDelegate.swift; sourceTree = "<group>"; };
		AB553A692BF7B8CA0074697D /* SceneDelegate.swift */ = {isa = PBXFileReference; lastKnownFileType = sourcecode.swift; path = SceneDelegate.swift; sourceTree = "<group>"; };
		AB553A6B2BF7B8CA0074697D /* HomeScreen.swift */ = {isa = PBXFileReference; lastKnownFileType = sourcecode.swift; path = HomeScreen.swift; sourceTree = "<group>"; };
		AB553A702BF7B8CC0074697D /* Assets.xcassets */ = {isa = PBXFileReference; lastKnownFileType = folder.assetcatalog; path = Assets.xcassets; sourceTree = "<group>"; };
		AB553A732BF7B8CC0074697D /* Base */ = {isa = PBXFileReference; lastKnownFileType = file.storyboard; name = Base; path = Base.lproj/LaunchScreen.storyboard; sourceTree = "<group>"; };
		AB553A752BF7B8CC0074697D /* Info.plist */ = {isa = PBXFileReference; lastKnownFileType = text.plist.xml; path = Info.plist; sourceTree = "<group>"; };
		AB553A802BF7BA670074697D /* NetworkManager.swift */ = {isa = PBXFileReference; lastKnownFileType = sourcecode.swift; path = NetworkManager.swift; sourceTree = "<group>"; };
		AB6C5B9C2BF8D0A200D6A979 /* MovieServices.swift */ = {isa = PBXFileReference; lastKnownFileType = sourcecode.swift; path = MovieServices.swift; sourceTree = "<group>"; };
		AB6C5B9E2BF94FE300D6A979 /* APIURLS.swift */ = {isa = PBXFileReference; lastKnownFileType = sourcecode.swift; path = APIURLS.swift; sourceTree = "<group>"; };
		AB6C5BA12BF9548A00D6A979 /* HomeViewModel.swift */ = {isa = PBXFileReference; lastKnownFileType = sourcecode.swift; path = HomeViewModel.swift; sourceTree = "<group>"; };
		AB8CCD862BFA582200D443C6 /* UIView+Ext.swift */ = {isa = PBXFileReference; lastKnownFileType = sourcecode.swift; path = "UIView+Ext.swift"; sourceTree = "<group>"; };
		AB8CCD892BFA5F4700D443C6 /* UIHelper.swift */ = {isa = PBXFileReference; lastKnownFileType = sourcecode.swift; path = UIHelper.swift; sourceTree = "<group>"; };
		AB8CCD8B2BFA614B00D443C6 /* CGFloat+Ext.swift */ = {isa = PBXFileReference; lastKnownFileType = sourcecode.swift; path = "CGFloat+Ext.swift"; sourceTree = "<group>"; };
		AB8CCD8E2BFA644500D443C6 /* MovieCell.swift */ = {isa = PBXFileReference; lastKnownFileType = sourcecode.swift; path = MovieCell.swift; sourceTree = "<group>"; };
		ABFBDEB32BF822BE00EB0854 /* Movie.swift */ = {isa = PBXFileReference; lastKnownFileType = sourcecode.swift; path = Movie.swift; sourceTree = "<group>"; };
/* End PBXFileReference section */

/* Begin PBXFrameworksBuildPhase section */
		AB553A612BF7B8CA0074697D /* Frameworks */ = {
			isa = PBXFrameworksBuildPhase;
			buildActionMask = 2147483647;
			files = (
			);
			runOnlyForDeploymentPostprocessing = 0;
		};
/* End PBXFrameworksBuildPhase section */

/* Begin PBXGroup section */
		AB553A5B2BF7B8CA0074697D = {
			isa = PBXGroup;
			children = (
				AB553A662BF7B8CA0074697D /* MovieApp-MVVM */,
				AB553A652BF7B8CA0074697D /* Products */,
			);
			sourceTree = "<group>";
		};
		AB553A652BF7B8CA0074697D /* Products */ = {
			isa = PBXGroup;
			children = (
				AB553A642BF7B8CA0074697D /* MovieApp-MVVM.app */,
			);
			name = Products;
			sourceTree = "<group>";
		};
		AB553A662BF7B8CA0074697D /* MovieApp-MVVM */ = {
			isa = PBXGroup;
			children = (
				AB8CCD852BFA580E00D443C6 /* Extensions */,
				AB553A7F2BF7BA4D0074697D /* Utilities */,
				AB553A7C2BF7BA1A0074697D /* Core */,
				AB553A7E2BF7BA420074697D /* Services */,
				AB553A7B2BF7BA140074697D /* Models */,
				AB553A822BF7BA810074697D /* Support */,
				AB553A702BF7B8CC0074697D /* Assets.xcassets */,
				AB553A722BF7B8CC0074697D /* LaunchScreen.storyboard */,
				AB553A752BF7B8CC0074697D /* Info.plist */,
			);
			path = "MovieApp-MVVM";
			sourceTree = "<group>";
		};
		AB553A7B2BF7BA140074697D /* Models */ = {
			isa = PBXGroup;
			children = (
				ABFBDEB32BF822BE00EB0854 /* Movie.swift */,
			);
			path = Models;
			sourceTree = "<group>";
		};
		AB553A7C2BF7BA1A0074697D /* Core */ = {
			isa = PBXGroup;
			children = (
				AB8CCD8D2BFA63FE00D443C6 /* Components */,
				AB553A7D2BF7BA1E0074697D /* HomeScreen */,
			);
			path = Core;
			sourceTree = "<group>";
		};
		AB553A7D2BF7BA1E0074697D /* HomeScreen */ = {
			isa = PBXGroup;
			children = (
				AB553A6B2BF7B8CA0074697D /* HomeScreen.swift */,
				AB6C5BA12BF9548A00D6A979 /* HomeViewModel.swift */,
			);
			path = HomeScreen;
			sourceTree = "<group>";
		};
		AB553A7E2BF7BA420074697D /* Services */ = {
			isa = PBXGroup;
			children = (
				AB6C5B9C2BF8D0A200D6A979 /* MovieServices.swift */,
			);
			path = Services;
			sourceTree = "<group>";
		};
		AB553A7F2BF7BA4D0074697D /* Utilities */ = {
			isa = PBXGroup;
			children = (
				AB8CCD882BFA5F3600D443C6 /* UIHelper */,
				AB553A802BF7BA670074697D /* NetworkManager.swift */,
				AB6C5B9E2BF94FE300D6A979 /* APIURLS.swift */,
			);
			path = Utilities;
			sourceTree = "<group>";
		};
		AB553A822BF7BA810074697D /* Support */ = {
			isa = PBXGroup;
			children = (
				AB553A692BF7B8CA0074697D /* SceneDelegate.swift */,
				AB553A672BF7B8CA0074697D /* AppDelegate.swift */,
			);
			path = Support;
			sourceTree = "<group>";
		};
		AB8CCD852BFA580E00D443C6 /* Extensions */ = {
			isa = PBXGroup;
			children = (
				AB8CCD862BFA582200D443C6 /* UIView+Ext.swift */,
				AB8CCD8B2BFA614B00D443C6 /* CGFloat+Ext.swift */,
			);
			path = Extensions;
			sourceTree = "<group>";
		};
		AB8CCD882BFA5F3600D443C6 /* UIHelper */ = {
			isa = PBXGroup;
			children = (
				AB8CCD892BFA5F4700D443C6 /* UIHelper.swift */,
			);
			path = UIHelper;
			sourceTree = "<group>";
		};
		AB8CCD8D2BFA63FE00D443C6 /* Components */ = {
			isa = PBXGroup;
			children = (
				AB8CCD8E2BFA644500D443C6 /* MovieCell.swift */,
			);
			path = Components;
			sourceTree = "<group>";
		};
/* End PBXGroup section */

/* Begin PBXNativeTarget section */
		AB553A632BF7B8CA0074697D /* MovieApp-MVVM */ = {
			isa = PBXNativeTarget;
			buildConfigurationList = AB553A782BF7B8CC0074697D /* Build configuration list for PBXNativeTarget "MovieApp-MVVM" */;
			buildPhases = (
				AB553A602BF7B8CA0074697D /* Sources */,
				AB553A612BF7B8CA0074697D /* Frameworks */,
				AB553A622BF7B8CA0074697D /* Resources */,
			);
			buildRules = (
			);
			dependencies = (
			);
			name = "MovieApp-MVVM";
			productName = "MovieApp-MVVM";
			productReference = AB553A642BF7B8CA0074697D /* MovieApp-MVVM.app */;
			productType = "com.apple.product-type.application";
		};
/* End PBXNativeTarget section */

/* Begin PBXProject section */
		AB553A5C2BF7B8CA0074697D /* Project object */ = {
			isa = PBXProject;
			attributes = {
				BuildIndependentTargetsInParallel = 1;
				LastSwiftUpdateCheck = 1530;
				LastUpgradeCheck = 1530;
				TargetAttributes = {
					AB553A632BF7B8CA0074697D = {
						CreatedOnToolsVersion = 15.3;
					};
				};
			};
			buildConfigurationList = AB553A5F2BF7B8CA0074697D /* Build configuration list for PBXProject "MovieApp-MVVM" */;
			compatibilityVersion = "Xcode 14.0";
			developmentRegion = en;
			hasScannedForEncodings = 0;
			knownRegions = (
				en,
				Base,
			);
			mainGroup = AB553A5B2BF7B8CA0074697D;
			productRefGroup = AB553A652BF7B8CA0074697D /* Products */;
			projectDirPath = "";
			projectRoot = "";
			targets = (
				AB553A632BF7B8CA0074697D /* MovieApp-MVVM */,
			);
		};
/* End PBXProject section */

/* Begin PBXResourcesBuildPhase section */
		AB553A622BF7B8CA0074697D /* Resources */ = {
			isa = PBXResourcesBuildPhase;
			buildActionMask = 2147483647;
			files = (
				AB553A712BF7B8CC0074697D /* Assets.xcassets in Resources */,
				AB553A742BF7B8CC0074697D /* Base in Resources */,
			);
			runOnlyForDeploymentPostprocessing = 0;
		};
/* End PBXResourcesBuildPhase section */

/* Begin PBXSourcesBuildPhase section */
		AB553A602BF7B8CA0074697D /* Sources */ = {
			isa = PBXSourcesBuildPhase;
			buildActionMask = 2147483647;
			files = (
				AB8CCD872BFA582200D443C6 /* UIView+Ext.swift in Sources */,
				AB553A812BF7BA670074697D /* NetworkManager.swift in Sources */,
				AB8CCD8F2BFA644500D443C6 /* MovieCell.swift in Sources */,
				AB553A6C2BF7B8CA0074697D /* HomeScreen.swift in Sources */,
				AB8CCD8C2BFA614B00D443C6 /* CGFloat+Ext.swift in Sources */,
				AB8CCD8A2BFA5F4700D443C6 /* UIHelper.swift in Sources */,
				AB6C5B9F2BF94FE300D6A979 /* APIURLS.swift in Sources */,
				AB6C5BA22BF9548A00D6A979 /* HomeViewModel.swift in Sources */,
				AB553A682BF7B8CA0074697D /* AppDelegate.swift in Sources */,
				AB553A6A2BF7B8CA0074697D /* SceneDelegate.swift in Sources */,
				AB6C5B9D2BF8D0A200D6A979 /* MovieServices.swift in Sources */,
				ABFBDEB42BF822BE00EB0854 /* Movie.swift in Sources */,
			);
			runOnlyForDeploymentPostprocessing = 0;
		};
/* End PBXSourcesBuildPhase section */

/* Begin PBXVariantGroup section */
		AB553A722BF7B8CC0074697D /* LaunchScreen.storyboard */ = {
			isa = PBXVariantGroup;
			children = (
				AB553A732BF7B8CC0074697D /* Base */,
			);
			name = LaunchScreen.storyboard;
			sourceTree = "<group>";
		};
/* End PBXVariantGroup section */

/* Begin XCBuildConfiguration section */
		AB553A762BF7B8CC0074697D /* Debug */ = {
			isa = XCBuildConfiguration;
			buildSettings = {
				ALWAYS_SEARCH_USER_PATHS = NO;
				ASSETCATALOG_COMPILER_GENERATE_SWIFT_ASSET_SYMBOL_EXTENSIONS = YES;
				CLANG_ANALYZER_NONNULL = YES;
				CLANG_ANALYZER_NUMBER_OBJECT_CONVERSION = YES_AGGRESSIVE;
				CLANG_CXX_LANGUAGE_STANDARD = "gnu++20";
				CLANG_ENABLE_MODULES = YES;
				CLANG_ENABLE_OBJC_ARC = YES;
				CLANG_ENABLE_OBJC_WEAK = YES;
				CLANG_WARN_BLOCK_CAPTURE_AUTORELEASING = YES;
				CLANG_WARN_BOOL_CONVERSION = YES;
				CLANG_WARN_COMMA = YES;
				CLANG_WARN_CONSTANT_CONVERSION = YES;
				CLANG_WARN_DEPRECATED_OBJC_IMPLEMENTATIONS = YES;
				CLANG_WARN_DIRECT_OBJC_ISA_USAGE = YES_ERROR;
				CLANG_WARN_DOCUMENTATION_COMMENTS = YES;
				CLANG_WARN_EMPTY_BODY = YES;
				CLANG_WARN_ENUM_CONVERSION = YES;
				CLANG_WARN_INFINITE_RECURSION = YES;
				CLANG_WARN_INT_CONVERSION = YES;
				CLANG_WARN_NON_LITERAL_NULL_CONVERSION = YES;
				CLANG_WARN_OBJC_IMPLICIT_RETAIN_SELF = YES;
				CLANG_WARN_OBJC_LITERAL_CONVERSION = YES;
				CLANG_WARN_OBJC_ROOT_CLASS = YES_ERROR;
				CLANG_WARN_QUOTED_INCLUDE_IN_FRAMEWORK_HEADER = YES;
				CLANG_WARN_RANGE_LOOP_ANALYSIS = YES;
				CLANG_WARN_STRICT_PROTOTYPES = YES;
				CLANG_WARN_SUSPICIOUS_MOVE = YES;
				CLANG_WARN_UNGUARDED_AVAILABILITY = YES_AGGRESSIVE;
				CLANG_WARN_UNREACHABLE_CODE = YES;
				CLANG_WARN__DUPLICATE_METHOD_MATCH = YES;
				COPY_PHASE_STRIP = NO;
				DEBUG_INFORMATION_FORMAT = dwarf;
				ENABLE_STRICT_OBJC_MSGSEND = YES;
				ENABLE_TESTABILITY = YES;
				ENABLE_USER_SCRIPT_SANDBOXING = YES;
				GCC_C_LANGUAGE_STANDARD = gnu17;
				GCC_DYNAMIC_NO_PIC = NO;
				GCC_NO_COMMON_BLOCKS = YES;
				GCC_OPTIMIZATION_LEVEL = 0;
				GCC_PREPROCESSOR_DEFINITIONS = (
					"DEBUG=1",
					"$(inherited)",
				);
				GCC_WARN_64_TO_32_BIT_CONVERSION = YES;
				GCC_WARN_ABOUT_RETURN_TYPE = YES_ERROR;
				GCC_WARN_UNDECLARED_SELECTOR = YES;
				GCC_WARN_UNINITIALIZED_AUTOS = YES_AGGRESSIVE;
				GCC_WARN_UNUSED_FUNCTION = YES;
				GCC_WARN_UNUSED_VARIABLE = YES;
				IPHONEOS_DEPLOYMENT_TARGET = 17.4;
				LOCALIZATION_PREFERS_STRING_CATALOGS = YES;
				MTL_ENABLE_DEBUG_INFO = INCLUDE_SOURCE;
				MTL_FAST_MATH = YES;
				ONLY_ACTIVE_ARCH = YES;
				SDKROOT = iphoneos;
				SWIFT_ACTIVE_COMPILATION_CONDITIONS = "DEBUG $(inherited)";
				SWIFT_OPTIMIZATION_LEVEL = "-Onone";
			};
			name = Debug;
		};
		AB553A772BF7B8CC0074697D /* Release */ = {
			isa = XCBuildConfiguration;
			buildSettings = {
				ALWAYS_SEARCH_USER_PATHS = NO;
				ASSETCATALOG_COMPILER_GENERATE_SWIFT_ASSET_SYMBOL_EXTENSIONS = YES;
				CLANG_ANALYZER_NONNULL = YES;
				CLANG_ANALYZER_NUMBER_OBJECT_CONVERSION = YES_AGGRESSIVE;
				CLANG_CXX_LANGUAGE_STANDARD = "gnu++20";
				CLANG_ENABLE_MODULES = YES;
				CLANG_ENABLE_OBJC_ARC = YES;
				CLANG_ENABLE_OBJC_WEAK = YES;
				CLANG_WARN_BLOCK_CAPTURE_AUTORELEASING = YES;
				CLANG_WARN_BOOL_CONVERSION = YES;
				CLANG_WARN_COMMA = YES;
				CLANG_WARN_CONSTANT_CONVERSION = YES;
				CLANG_WARN_DEPRECATED_OBJC_IMPLEMENTATIONS = YES;
				CLANG_WARN_DIRECT_OBJC_ISA_USAGE = YES_ERROR;
				CLANG_WARN_DOCUMENTATION_COMMENTS = YES;
				CLANG_WARN_EMPTY_BODY = YES;
				CLANG_WARN_ENUM_CONVERSION = YES;
				CLANG_WARN_INFINITE_RECURSION = YES;
				CLANG_WARN_INT_CONVERSION = YES;
				CLANG_WARN_NON_LITERAL_NULL_CONVERSION = YES;
				CLANG_WARN_OBJC_IMPLICIT_RETAIN_SELF = YES;
				CLANG_WARN_OBJC_LITERAL_CONVERSION = YES;
				CLANG_WARN_OBJC_ROOT_CLASS = YES_ERROR;
				CLANG_WARN_QUOTED_INCLUDE_IN_FRAMEWORK_HEADER = YES;
				CLANG_WARN_RANGE_LOOP_ANALYSIS = YES;
				CLANG_WARN_STRICT_PROTOTYPES = YES;
				CLANG_WARN_SUSPICIOUS_MOVE = YES;
				CLANG_WARN_UNGUARDED_AVAILABILITY = YES_AGGRESSIVE;
				CLANG_WARN_UNREACHABLE_CODE = YES;
				CLANG_WARN__DUPLICATE_METHOD_MATCH = YES;
				COPY_PHASE_STRIP = NO;
				DEBUG_INFORMATION_FORMAT = "dwarf-with-dsym";
				ENABLE_NS_ASSERTIONS = NO;
				ENABLE_STRICT_OBJC_MSGSEND = YES;
				ENABLE_USER_SCRIPT_SANDBOXING = YES;
				GCC_C_LANGUAGE_STANDARD = gnu17;
				GCC_NO_COMMON_BLOCKS = YES;
				GCC_WARN_64_TO_32_BIT_CONVERSION = YES;
				GCC_WARN_ABOUT_RETURN_TYPE = YES_ERROR;
				GCC_WARN_UNDECLARED_SELECTOR = YES;
				GCC_WARN_UNINITIALIZED_AUTOS = YES_AGGRESSIVE;
				GCC_WARN_UNUSED_FUNCTION = YES;
				GCC_WARN_UNUSED_VARIABLE = YES;
				IPHONEOS_DEPLOYMENT_TARGET = 17.4;
				LOCALIZATION_PREFERS_STRING_CATALOGS = YES;
				MTL_ENABLE_DEBUG_INFO = NO;
				MTL_FAST_MATH = YES;
				SDKROOT = iphoneos;
				SWIFT_COMPILATION_MODE = wholemodule;
				VALIDATE_PRODUCT = YES;
			};
			name = Release;
		};
		AB553A792BF7B8CC0074697D /* Debug */ = {
			isa = XCBuildConfiguration;
			buildSettings = {
				ASSETCATALOG_COMPILER_APPICON_NAME = AppIcon;
				ASSETCATALOG_COMPILER_GLOBAL_ACCENT_COLOR_NAME = AccentColor;
				CODE_SIGN_STYLE = Automatic;
				CURRENT_PROJECT_VERSION = 1;
				GENERATE_INFOPLIST_FILE = YES;
				INFOPLIST_FILE = "MovieApp-MVVM/Info.plist";
				INFOPLIST_KEY_UIApplicationSupportsIndirectInputEvents = YES;
				INFOPLIST_KEY_UILaunchStoryboardName = LaunchScreen;
				INFOPLIST_KEY_UISupportedInterfaceOrientations_iPad = "UIInterfaceOrientationPortrait UIInterfaceOrientationPortraitUpsideDown UIInterfaceOrientationLandscapeLeft UIInterfaceOrientationLandscapeRight";
				INFOPLIST_KEY_UISupportedInterfaceOrientations_iPhone = "UIInterfaceOrientationPortrait UIInterfaceOrientationLandscapeLeft UIInterfaceOrientationLandscapeRight";
				LD_RUNPATH_SEARCH_PATHS = (
					"$(inherited)",
					"@executable_path/Frameworks",
				);
				MARKETING_VERSION = 1.0;
				PRODUCT_BUNDLE_IDENTIFIER = "efekangvndk.com.MovieApp-MVVM";
				PRODUCT_NAME = "$(TARGET_NAME)";
				SWIFT_EMIT_LOC_STRINGS = YES;
				SWIFT_VERSION = 5.0;
				TARGETED_DEVICE_FAMILY = "1,2";
			};
			name = Debug;
		};
		AB553A7A2BF7B8CC0074697D /* Release */ = {
			isa = XCBuildConfiguration;
			buildSettings = {
				ASSETCATALOG_COMPILER_APPICON_NAME = AppIcon;
				ASSETCATALOG_COMPILER_GLOBAL_ACCENT_COLOR_NAME = AccentColor;
				CODE_SIGN_STYLE = Automatic;
				CURRENT_PROJECT_VERSION = 1;
				GENERATE_INFOPLIST_FILE = YES;
				INFOPLIST_FILE = "MovieApp-MVVM/Info.plist";
				INFOPLIST_KEY_UIApplicationSupportsIndirectInputEvents = YES;
				INFOPLIST_KEY_UILaunchStoryboardName = LaunchScreen;
				INFOPLIST_KEY_UISupportedInterfaceOrientations_iPad = "UIInterfaceOrientationPortrait UIInterfaceOrientationPortraitUpsideDown UIInterfaceOrientationLandscapeLeft UIInterfaceOrientationLandscapeRight";
				INFOPLIST_KEY_UISupportedInterfaceOrientations_iPhone = "UIInterfaceOrientationPortrait UIInterfaceOrientationLandscapeLeft UIInterfaceOrientationLandscapeRight";
				LD_RUNPATH_SEARCH_PATHS = (
					"$(inherited)",
					"@executable_path/Frameworks",
				);
				MARKETING_VERSION = 1.0;
				PRODUCT_BUNDLE_IDENTIFIER = "efekangvndk.com.MovieApp-MVVM";
				PRODUCT_NAME = "$(TARGET_NAME)";
				SWIFT_EMIT_LOC_STRINGS = YES;
				SWIFT_VERSION = 5.0;
				TARGETED_DEVICE_FAMILY = "1,2";
			};
			name = Release;
		};
/* End XCBuildConfiguration section */

/* Begin XCConfigurationList section */
		AB553A5F2BF7B8CA0074697D /* Build configuration list for PBXProject "MovieApp-MVVM" */ = {
			isa = XCConfigurationList;
			buildConfigurations = (
				AB553A762BF7B8CC0074697D /* Debug */,
				AB553A772BF7B8CC0074697D /* Release */,
			);
			defaultConfigurationIsVisible = 0;
			defaultConfigurationName = Release;
		};
		AB553A782BF7B8CC0074697D /* Build configuration list for PBXNativeTarget "MovieApp-MVVM" */ = {
			isa = XCConfigurationList;
			buildConfigurations = (
				AB553A792BF7B8CC0074697D /* Debug */,
				AB553A7A2BF7B8CC0074697D /* Release */,
			);
			defaultConfigurationIsVisible = 0;
			defaultConfigurationName = Release;
		};
/* End XCConfigurationList section */
	};
	rootObject = AB553A5C2BF7B8CA0074697D /* Project object */;
}
